// !$*UTF8*$!
{
	archiveVersion = 1;
	classes = {
	};
	objectVersion = 50;
	objects = {

/* Begin PBXBuildFile section */
		7E2D834722275D0900A36479 /* CheckoutError.swift in Sources */ = {isa = PBXBuildFile; fileRef = 7E2D834622275D0900A36479 /* CheckoutError.swift */; };
		7E4DF73C21D9D082006747D5 /* ShoppingCart.swift in Sources */ = {isa = PBXBuildFile; fileRef = 7E4DF73B21D9D082006747D5 /* ShoppingCart.swift */; };
		7E4DF73F21D9DAEF006747D5 /* CartSB.storyboard in Resources */ = {isa = PBXBuildFile; fileRef = 7E4DF73D21D9DAEF006747D5 /* CartSB.storyboard */; };
		7E4DF74821D9DDC6006747D5 /* CartViewController.swift in Sources */ = {isa = PBXBuildFile; fileRef = 7E4DF74721D9DDC6006747D5 /* CartViewController.swift */; };
		7E4DF74A21D9DDD0006747D5 /* CheckoutViewController.swift in Sources */ = {isa = PBXBuildFile; fileRef = 7E4DF74921D9DDD0006747D5 /* CheckoutViewController.swift */; };
		7E4DF74C21D9E602006747D5 /* ExtraViewController.swift in Sources */ = {isa = PBXBuildFile; fileRef = 7E4DF74B21D9E601006747D5 /* ExtraViewController.swift */; };
		7E5748F722234D1B00DF79B3 /* ConfirmOrderViewController.swift in Sources */ = {isa = PBXBuildFile; fileRef = 7E5748F622234D1B00DF79B3 /* ConfirmOrderViewController.swift */; };
		7EA08F122264E07F00F0E974 /* Checkout.storyboard in Resources */ = {isa = PBXBuildFile; fileRef = 7EA08F112264E07F00F0E974 /* Checkout.storyboard */; };
		7EBB74842228A6410009520E /* JockeyOne-Regular.ttf in Resources */ = {isa = PBXBuildFile; fileRef = 7EBB74822228A6410009520E /* JockeyOne-Regular.ttf */; };
		7EBB74852228A6410009520E /* OFL.txt in Resources */ = {isa = PBXBuildFile; fileRef = 7EBB74832228A6410009520E /* OFL.txt */; };
		7EC528392273AA9C001733D9 /* ShippingTableViewCell.swift in Sources */ = {isa = PBXBuildFile; fileRef = 7EC528372273AA9C001733D9 /* ShippingTableViewCell.swift */; };
		7EC5283A2273AA9C001733D9 /* ShippingTableViewCell.xib in Resources */ = {isa = PBXBuildFile; fileRef = 7EC528382273AA9C001733D9 /* ShippingTableViewCell.xib */; };
		7EC5283D2273AAC6001733D9 /* PaymentInfoTableViewCell.swift in Sources */ = {isa = PBXBuildFile; fileRef = 7EC5283B2273AAC6001733D9 /* PaymentInfoTableViewCell.swift */; };
		7EC5283E2273AAC6001733D9 /* PaymentInfoTableViewCell.xib in Resources */ = {isa = PBXBuildFile; fileRef = 7EC5283C2273AAC6001733D9 /* PaymentInfoTableViewCell.xib */; };
		7ED0F5312228D07000252668 /* OrderCompletedViewController.swift in Sources */ = {isa = PBXBuildFile; fileRef = 7ED0F5302228D07000252668 /* OrderCompletedViewController.swift */; };
		7EE6303B21DC512B00BE05B5 /* ItemInCartTableViewCell.xib in Resources */ = {isa = PBXBuildFile; fileRef = 7EE6303921DC512B00BE05B5 /* ItemInCartTableViewCell.xib */; };
		7EE68679222A760D0053288B /* UITextField+extension.swift in Sources */ = {isa = PBXBuildFile; fileRef = 7EE68678222A760D0053288B /* UITextField+extension.swift */; };
		7EE6F3FD22267FDC00F3D61F /* CustomerService.swift in Sources */ = {isa = PBXBuildFile; fileRef = 7EE6F3FC22267FDC00F3D61F /* CustomerService.swift */; };
		7EE7770721EB13A1009A1BB4 /* Constants.swift in Sources */ = {isa = PBXBuildFile; fileRef = 7EE7770621EB13A1009A1BB4 /* Constants.swift */; };
		7EE84DDA21B46EAF00D80208 /* ProductColorsCollectionViewCell.swift in Sources */ = {isa = PBXBuildFile; fileRef = 7EE84DD921B46EAF00D80208 /* ProductColorsCollectionViewCell.swift */; };
		7EE84DDC21B4FE8700D80208 /* UIImage+extension.swift in Sources */ = {isa = PBXBuildFile; fileRef = 7EE84DDB21B4FE8700D80208 /* UIImage+extension.swift */; };
		7EE8BC2E21DF0B4F0047C76C /* ItemInCartTableViewCell.swift in Sources */ = {isa = PBXBuildFile; fileRef = 7EE6303821DC512B00BE05B5 /* ItemInCartTableViewCell.swift */; };
		7EEB1BB521AD81B80049ACFB /* DetailSummaryView.swift in Sources */ = {isa = PBXBuildFile; fileRef = 7EEB1BB421AD81B80049ACFB /* DetailSummaryView.swift */; };
		7EEB1BB721AD82760049ACFB /* UserRating.swift in Sources */ = {isa = PBXBuildFile; fileRef = 7EEB1BB621AD82760049ACFB /* UserRating.swift */; };
		7EEB1BB921AD829B0049ACFB /* Double+Extension.swift in Sources */ = {isa = PBXBuildFile; fileRef = 7EEB1BB821AD829B0049ACFB /* Double+Extension.swift */; };
		7EEB1BBB21AD82AD0049ACFB /* UIColor+extension.swift in Sources */ = {isa = PBXBuildFile; fileRef = 7EEB1BBA21AD82AD0049ACFB /* UIColor+extension.swift */; };
		7EEBCE3621A4965D00659C9B /* AppDelegate.swift in Sources */ = {isa = PBXBuildFile; fileRef = 7EEBCE3521A4965D00659C9B /* AppDelegate.swift */; };
		7EEBCE3B21A4965D00659C9B /* Main.storyboard in Resources */ = {isa = PBXBuildFile; fileRef = 7EEBCE3921A4965D00659C9B /* Main.storyboard */; };
		7EEBCE3D21A4966100659C9B /* Assets.xcassets in Resources */ = {isa = PBXBuildFile; fileRef = 7EEBCE3C21A4966100659C9B /* Assets.xcassets */; };
		7EEBCE4021A4966100659C9B /* LaunchScreen.storyboard in Resources */ = {isa = PBXBuildFile; fileRef = 7EEBCE3E21A4966100659C9B /* LaunchScreen.storyboard */; };
		7EEBCE4B21A496CF00659C9B /* CoreDataStack.swift in Sources */ = {isa = PBXBuildFile; fileRef = 7EEBCE4721A496CF00659C9B /* CoreDataStack.swift */; };
		7EEBCE4C21A496CF00659C9B /* StoreDataModel.xcdatamodeld in Sources */ = {isa = PBXBuildFile; fileRef = 7EEBCE4821A496CF00659C9B /* StoreDataModel.xcdatamodeld */; };
		7EEBCE4D21A496CF00659C9B /* clothesProducts.json in Resources */ = {isa = PBXBuildFile; fileRef = 7EEBCE4A21A496CF00659C9B /* clothesProducts.json */; };
		7EEBCEE021A4D6BB00659C9B /* HomeViewController.swift in Sources */ = {isa = PBXBuildFile; fileRef = 7EEBCEDF21A4D6BB00659C9B /* HomeViewController.swift */; };
		7EEBCEE521A4D94100659C9B /* Utility.swift in Sources */ = {isa = PBXBuildFile; fileRef = 7EEBCEE221A4D94100659C9B /* Utility.swift */; };
		7EEBCEE621A4D94100659C9B /* String+extension.swift in Sources */ = {isa = PBXBuildFile; fileRef = 7EEBCEE421A4D94100659C9B /* String+extension.swift */; };
		7EEBCF7321A4F16700659C9B /* Service.swift in Sources */ = {isa = PBXBuildFile; fileRef = 7EEBCF7221A4F16700659C9B /* Service.swift */; };
		7EEBCF7721A4F80C00659C9B /* ProductListsViewController.swift in Sources */ = {isa = PBXBuildFile; fileRef = 7EEBCF7621A4F80C00659C9B /* ProductListsViewController.swift */; };
		7EEBCF8421A5B76C00659C9B /* ProductService.swift in Sources */ = {isa = PBXBuildFile; fileRef = 7EEBCF8321A5B76C00659C9B /* ProductService.swift */; };
		7EEBCF8621A5B7A600659C9B /* ProductTableViewCell.swift in Sources */ = {isa = PBXBuildFile; fileRef = 7EEBCF8521A5B7A600659C9B /* ProductTableViewCell.swift */; };
		7EECC4C321B73ADC00ABE1E9 /* DetailSummary.swift in Sources */ = {isa = PBXBuildFile; fileRef = 7EECC4C221B73ADC00ABE1E9 /* DetailSummary.swift */; };
		7EECC4C721B769E800ABE1E9 /* UIButton+extension.swift in Sources */ = {isa = PBXBuildFile; fileRef = 7EECC4C621B769E800ABE1E9 /* UIButton+extension.swift */; };
		7EED1AE32242CC2F007E4140 /* T5-3-White.png in Resources */ = {isa = PBXBuildFile; fileRef = 7EED1A8C2242CC2F007E4140 /* T5-3-White.png */; };
		7EED1AE42242CC2F007E4140 /* T5-5-Black&Blue.png in Resources */ = {isa = PBXBuildFile; fileRef = 7EED1A8D2242CC2F007E4140 /* T5-5-Black&Blue.png */; };
		7EED1AE52242CC2F007E4140 /* T5-2-Blue.png in Resources */ = {isa = PBXBuildFile; fileRef = 7EED1A8E2242CC2F007E4140 /* T5-2-Blue.png */; };
		7EED1AE62242CC2F007E4140 /* T5-1-Brown.png in Resources */ = {isa = PBXBuildFile; fileRef = 7EED1A8F2242CC2F007E4140 /* T5-1-Brown.png */; };
		7EED1AE72242CC2F007E4140 /* T5-4-Black.png in Resources */ = {isa = PBXBuildFile; fileRef = 7EED1A902242CC2F007E4140 /* T5-4-Black.png */; };
		7EED1AE82242CC2F007E4140 /* T2-5-Tiger.png in Resources */ = {isa = PBXBuildFile; fileRef = 7EED1A922242CC2F007E4140 /* T2-5-Tiger.png */; };
		7EED1AE92242CC2F007E4140 /* T2-2-Soldier.png in Resources */ = {isa = PBXBuildFile; fileRef = 7EED1A932242CC2F007E4140 /* T2-2-Soldier.png */; };
		7EED1AEA2242CC2F007E4140 /* T2-3-Anchor.png in Resources */ = {isa = PBXBuildFile; fileRef = 7EED1A942242CC2F007E4140 /* T2-3-Anchor.png */; };
		7EED1AEB2242CC2F007E4140 /* T2-4-Lady.png in Resources */ = {isa = PBXBuildFile; fileRef = 7EED1A952242CC2F007E4140 /* T2-4-Lady.png */; };
		7EED1AEC2242CC2F007E4140 /* T2-1-Panda.png in Resources */ = {isa = PBXBuildFile; fileRef = 7EED1A962242CC2F007E4140 /* T2-1-Panda.png */; };
		7EED1AED2242CC2F007E4140 /* T3-5-Blue&Pink.png in Resources */ = {isa = PBXBuildFile; fileRef = 7EED1A982242CC2F007E4140 /* T3-5-Blue&Pink.png */; };
		7EED1AEE2242CC2F007E4140 /* T3-4-Red.png in Resources */ = {isa = PBXBuildFile; fileRef = 7EED1A992242CC2F007E4140 /* T3-4-Red.png */; };
		7EED1AEF2242CC2F007E4140 /* T3-3-White&Black.png in Resources */ = {isa = PBXBuildFile; fileRef = 7EED1A9A2242CC2F007E4140 /* T3-3-White&Black.png */; };
		7EED1AF02242CC2F007E4140 /* T3-1-Black&Brown.png in Resources */ = {isa = PBXBuildFile; fileRef = 7EED1A9B2242CC2F007E4140 /* T3-1-Black&Brown.png */; };
		7EED1AF12242CC2F007E4140 /* T3-2-Gray.png in Resources */ = {isa = PBXBuildFile; fileRef = 7EED1A9C2242CC2F007E4140 /* T3-2-Gray.png */; };
		7EED1AF22242CC2F007E4140 /* T4-2-Black.png in Resources */ = {isa = PBXBuildFile; fileRef = 7EED1A9E2242CC2F007E4140 /* T4-2-Black.png */; };
		7EED1AF32242CC2F007E4140 /* T4-1-Black.png in Resources */ = {isa = PBXBuildFile; fileRef = 7EED1A9F2242CC2F007E4140 /* T4-1-Black.png */; };
		7EED1AF42242CC2F007E4140 /* T1-1-White.png in Resources */ = {isa = PBXBuildFile; fileRef = 7EED1AA12242CC2F007E4140 /* T1-1-White.png */; };
		7EED1AF52242CC2F007E4140 /* T1-7-Blue.png in Resources */ = {isa = PBXBuildFile; fileRef = 7EED1AA22242CC2F007E4140 /* T1-7-Blue.png */; };
		7EED1AF62242CC2F007E4140 /* T1-5-LightGray.png in Resources */ = {isa = PBXBuildFile; fileRef = 7EED1AA32242CC2F007E4140 /* T1-5-LightGray.png */; };
		7EED1AF72242CC2F007E4140 /* T1-4-Camo.png in Resources */ = {isa = PBXBuildFile; fileRef = 7EED1AA42242CC2F007E4140 /* T1-4-Camo.png */; };
		7EED1AF82242CC2F007E4140 /* T1-3-White.png in Resources */ = {isa = PBXBuildFile; fileRef = 7EED1AA52242CC2F007E4140 /* T1-3-White.png */; };
		7EED1AF92242CC2F007E4140 /* T1-6-Black.png in Resources */ = {isa = PBXBuildFile; fileRef = 7EED1AA62242CC2F007E4140 /* T1-6-Black.png */; };
		7EED1AFA2242CC2F007E4140 /* T1-2-White.png in Resources */ = {isa = PBXBuildFile; fileRef = 7EED1AA72242CC2F007E4140 /* T1-2-White.png */; };
		7EED1AFB2242CC2F007E4140 /* T6-1-Black.png in Resources */ = {isa = PBXBuildFile; fileRef = 7EED1AA92242CC2F007E4140 /* T6-1-Black.png */; };
		7EED1AFC2242CC2F007E4140 /* T6-2-Black.png in Resources */ = {isa = PBXBuildFile; fileRef = 7EED1AAA2242CC2F007E4140 /* T6-2-Black.png */; };
		7EED1AFD2242CC2F007E4140 /* T6-3-Black.png in Resources */ = {isa = PBXBuildFile; fileRef = 7EED1AAB2242CC2F007E4140 /* T6-3-Black.png */; };
		7EED1AFE2242CC2F007E4140 /* T8-2-Red & Black.png in Resources */ = {isa = PBXBuildFile; fileRef = 7EED1AAD2242CC2F007E4140 /* T8-2-Red & Black.png */; };
		7EED1AFF2242CC2F007E4140 /* T8-3-Red & Black.png in Resources */ = {isa = PBXBuildFile; fileRef = 7EED1AAE2242CC2F007E4140 /* T8-3-Red & Black.png */; };
		7EED1B002242CC2F007E4140 /* T8-1-Red & Black.png in Resources */ = {isa = PBXBuildFile; fileRef = 7EED1AAF2242CC2F007E4140 /* T8-1-Red & Black.png */; };
		7EED1B012242CC2F007E4140 /* T7-1-Blue.png in Resources */ = {isa = PBXBuildFile; fileRef = 7EED1AB12242CC2F007E4140 /* T7-1-Blue.png */; };
		7EED1B022242CC2F007E4140 /* SH2-1-LimitedLogo.png in Resources */ = {isa = PBXBuildFile; fileRef = 7EED1AB32242CC2F007E4140 /* SH2-1-LimitedLogo.png */; };
		7EED1B032242CC2F007E4140 /* SH1-1-WhiteLogo.png in Resources */ = {isa = PBXBuildFile; fileRef = 7EED1AB42242CC2F007E4140 /* SH1-1-WhiteLogo.png */; };
		7EED1B042242CC2F007E4140 /* P4-1-Black.png in Resources */ = {isa = PBXBuildFile; fileRef = 7EED1AB82242CC2F007E4140 /* P4-1-Black.png */; };
		7EED1B052242CC2F007E4140 /* P4-2-Blue.png in Resources */ = {isa = PBXBuildFile; fileRef = 7EED1AB92242CC2F007E4140 /* P4-2-Blue.png */; };
		7EED1B062242CC2F007E4140 /* P4-3-Purple.png in Resources */ = {isa = PBXBuildFile; fileRef = 7EED1ABA2242CC2F007E4140 /* P4-3-Purple.png */; };
		7EED1B072242CC2F007E4140 /* P4-4-Red.png in Resources */ = {isa = PBXBuildFile; fileRef = 7EED1ABB2242CC2F007E4140 /* P4-4-Red.png */; };
		7EED1B082242CC2F007E4140 /* P3-2-Blue.png in Resources */ = {isa = PBXBuildFile; fileRef = 7EED1ABD2242CC2F007E4140 /* P3-2-Blue.png */; };
		7EED1B092242CC2F007E4140 /* P3-1-Blue.png in Resources */ = {isa = PBXBuildFile; fileRef = 7EED1ABE2242CC2F007E4140 /* P3-1-Blue.png */; };
		7EED1B0A2242CC2F007E4140 /* P3-4-DarkBlue.png in Resources */ = {isa = PBXBuildFile; fileRef = 7EED1ABF2242CC2F007E4140 /* P3-4-DarkBlue.png */; };
		7EED1B0B2242CC2F007E4140 /* P3-3-DarkBlue.png in Resources */ = {isa = PBXBuildFile; fileRef = 7EED1AC02242CC2F007E4140 /* P3-3-DarkBlue.png */; };
		7EED1B0C2242CC2F007E4140 /* TP1-1-Black&Gold.png in Resources */ = {isa = PBXBuildFile; fileRef = 7EED1AC12242CC2F007E4140 /* TP1-1-Black&Gold.png */; };
		7EED1B0D2242CC2F007E4140 /* P2-4-LightGray.png in Resources */ = {isa = PBXBuildFile; fileRef = 7EED1AC32242CC2F007E4140 /* P2-4-LightGray.png */; };
		7EED1B0E2242CC2F007E4140 /* P2-2-Burgundy.png in Resources */ = {isa = PBXBuildFile; fileRef = 7EED1AC42242CC2F007E4140 /* P2-2-Burgundy.png */; };
		7EED1B0F2242CC2F007E4140 /* P2-1-Yellow.png in Resources */ = {isa = PBXBuildFile; fileRef = 7EED1AC52242CC2F007E4140 /* P2-1-Yellow.png */; };
		7EED1B102242CC2F007E4140 /* P2-5-LightPink.png in Resources */ = {isa = PBXBuildFile; fileRef = 7EED1AC62242CC2F007E4140 /* P2-5-LightPink.png */; };
		7EED1B112242CC2F007E4140 /* P2-3-Gray.png in Resources */ = {isa = PBXBuildFile; fileRef = 7EED1AC72242CC2F007E4140 /* P2-3-Gray.png */; };
		7EED1B122242CC2F007E4140 /* P5-2-Black&Gray.png in Resources */ = {isa = PBXBuildFile; fileRef = 7EED1AC92242CC2F007E4140 /* P5-2-Black&Gray.png */; };
		7EED1B132242CC2F007E4140 /* P5-3-DarkGreen.png in Resources */ = {isa = PBXBuildFile; fileRef = 7EED1ACA2242CC2F007E4140 /* P5-3-DarkGreen.png */; };
		7EED1B142242CC2F007E4140 /* P5-5-Black.png in Resources */ = {isa = PBXBuildFile; fileRef = 7EED1ACB2242CC2F007E4140 /* P5-5-Black.png */; };
		7EED1B152242CC2F007E4140 /* P5-1-Red.png in Resources */ = {isa = PBXBuildFile; fileRef = 7EED1ACC2242CC2F007E4140 /* P5-1-Red.png */; };
		7EED1B162242CC2F007E4140 /* P5-4-LightGray.png in Resources */ = {isa = PBXBuildFile; fileRef = 7EED1ACD2242CC2F007E4140 /* P5-4-LightGray.png */; };
		7EED1B172242CC2F007E4140 /* P6-3-Blue.png in Resources */ = {isa = PBXBuildFile; fileRef = 7EED1ACF2242CC2F007E4140 /* P6-3-Blue.png */; };
		7EED1B182242CC2F007E4140 /* P6-4-Black.png in Resources */ = {isa = PBXBuildFile; fileRef = 7EED1AD02242CC2F007E4140 /* P6-4-Black.png */; };
		7EED1B192242CC2F007E4140 /* P6-5-Brown.png in Resources */ = {isa = PBXBuildFile; fileRef = 7EED1AD12242CC2F007E4140 /* P6-5-Brown.png */; };
		7EED1B1A2242CC2F007E4140 /* P6-1-Red.png in Resources */ = {isa = PBXBuildFile; fileRef = 7EED1AD22242CC2F007E4140 /* P6-1-Red.png */; };
		7EED1B1B2242CC2F007E4140 /* P6-2-White.png in Resources */ = {isa = PBXBuildFile; fileRef = 7EED1AD32242CC2F007E4140 /* P6-2-White.png */; };
		7EED1B1C2242CC2F007E4140 /* P1-4-White.png in Resources */ = {isa = PBXBuildFile; fileRef = 7EED1AD52242CC2F007E4140 /* P1-4-White.png */; };
		7EED1B1D2242CC2F007E4140 /* P1-2-Blue.png in Resources */ = {isa = PBXBuildFile; fileRef = 7EED1AD62242CC2F007E4140 /* P1-2-Blue.png */; };
		7EED1B1E2242CC2F007E4140 /* P1-1-Black.png in Resources */ = {isa = PBXBuildFile; fileRef = 7EED1AD72242CC2F007E4140 /* P1-1-Black.png */; };
		7EED1B1F2242CC2F007E4140 /* P1-3-Red.png in Resources */ = {isa = PBXBuildFile; fileRef = 7EED1AD82242CC2F007E4140 /* P1-3-Red.png */; };
		7EED1B202242CC2F007E4140 /* P1-5-Black&Green.png in Resources */ = {isa = PBXBuildFile; fileRef = 7EED1AD92242CC2F007E4140 /* P1-5-Black&Green.png */; };
		7EED1B212242CC2F007E4140 /* elevatedLogo.png in Resources */ = {isa = PBXBuildFile; fileRef = 7EED1ADB2242CC2F007E4140 /* elevatedLogo.png */; };
		7EED1B222242CC2F007E4140 /* SB1-1-Black.png in Resources */ = {isa = PBXBuildFile; fileRef = 7EED1ADE2242CC2F007E4140 /* SB1-1-Black.png */; };
		7EED1B232242CC2F007E4140 /* JA1-1-Black.png in Resources */ = {isa = PBXBuildFile; fileRef = 7EED1AE02242CC2F007E4140 /* JA1-1-Black.png */; };
		7EED1B242242CC2F007E4140 /* SS1-1-TriangleLogo.png in Resources */ = {isa = PBXBuildFile; fileRef = 7EED1AE12242CC2F007E4140 /* SS1-1-TriangleLogo.png */; };
		7EED1B252242CC2F007E4140 /* HD1-1-TriangleLogo.png in Resources */ = {isa = PBXBuildFile; fileRef = 7EED1AE22242CC2F007E4140 /* HD1-1-TriangleLogo.png */; };
		7EEFDB0221AD79BA00AC7098 /* ProductDetailsViewController.swift in Sources */ = {isa = PBXBuildFile; fileRef = 7EEFDB0121AD79BA00AC7098 /* ProductDetailsViewController.swift */; };
/* End PBXBuildFile section */

/* Begin PBXFileReference section */
		7E2D834622275D0900A36479 /* CheckoutError.swift */ = {isa = PBXFileReference; lastKnownFileType = sourcecode.swift; path = CheckoutError.swift; sourceTree = "<group>"; };
		7E4DF73B21D9D082006747D5 /* ShoppingCart.swift */ = {isa = PBXFileReference; lastKnownFileType = sourcecode.swift; path = ShoppingCart.swift; sourceTree = "<group>"; };
		7E4DF73E21D9DAEF006747D5 /* Base */ = {isa = PBXFileReference; lastKnownFileType = file.storyboard; name = Base; path = FolledoAndKennedyStore/Base.lproj/CartSB.storyboard; sourceTree = "<group>"; };
		7E4DF74721D9DDC6006747D5 /* CartViewController.swift */ = {isa = PBXFileReference; lastKnownFileType = sourcecode.swift; path = CartViewController.swift; sourceTree = "<group>"; };
		7E4DF74921D9DDD0006747D5 /* CheckoutViewController.swift */ = {isa = PBXFileReference; lastKnownFileType = sourcecode.swift; path = CheckoutViewController.swift; sourceTree = "<group>"; };
		7E4DF74B21D9E601006747D5 /* ExtraViewController.swift */ = {isa = PBXFileReference; lastKnownFileType = sourcecode.swift; path = ExtraViewController.swift; sourceTree = "<group>"; };
		7E5748F622234D1B00DF79B3 /* ConfirmOrderViewController.swift */ = {isa = PBXFileReference; lastKnownFileType = sourcecode.swift; path = ConfirmOrderViewController.swift; sourceTree = "<group>"; };
		7EA08F112264E07F00F0E974 /* Checkout.storyboard */ = {isa = PBXFileReference; lastKnownFileType = file.storyboard; path = Checkout.storyboard; sourceTree = "<group>"; };
		7EBB74822228A6410009520E /* JockeyOne-Regular.ttf */ = {isa = PBXFileReference; lastKnownFileType = file; path = "JockeyOne-Regular.ttf"; sourceTree = "<group>"; };
		7EBB74832228A6410009520E /* OFL.txt */ = {isa = PBXFileReference; fileEncoding = 4; lastKnownFileType = text; path = OFL.txt; sourceTree = "<group>"; };
		7EC528372273AA9C001733D9 /* ShippingTableViewCell.swift */ = {isa = PBXFileReference; lastKnownFileType = sourcecode.swift; path = ShippingTableViewCell.swift; sourceTree = "<group>"; };
		7EC528382273AA9C001733D9 /* ShippingTableViewCell.xib */ = {isa = PBXFileReference; lastKnownFileType = file.xib; path = ShippingTableViewCell.xib; sourceTree = "<group>"; };
		7EC5283B2273AAC6001733D9 /* PaymentInfoTableViewCell.swift */ = {isa = PBXFileReference; lastKnownFileType = sourcecode.swift; path = PaymentInfoTableViewCell.swift; sourceTree = "<group>"; };
		7EC5283C2273AAC6001733D9 /* PaymentInfoTableViewCell.xib */ = {isa = PBXFileReference; lastKnownFileType = file.xib; path = PaymentInfoTableViewCell.xib; sourceTree = "<group>"; };
		7ED0F5302228D07000252668 /* OrderCompletedViewController.swift */ = {isa = PBXFileReference; lastKnownFileType = sourcecode.swift; path = OrderCompletedViewController.swift; sourceTree = "<group>"; };
		7EE6303821DC512B00BE05B5 /* ItemInCartTableViewCell.swift */ = {isa = PBXFileReference; lastKnownFileType = sourcecode.swift; path = ItemInCartTableViewCell.swift; sourceTree = "<group>"; };
		7EE6303921DC512B00BE05B5 /* ItemInCartTableViewCell.xib */ = {isa = PBXFileReference; lastKnownFileType = file.xib; path = ItemInCartTableViewCell.xib; sourceTree = "<group>"; };
		7EE68678222A760D0053288B /* UITextField+extension.swift */ = {isa = PBXFileReference; lastKnownFileType = sourcecode.swift; path = "UITextField+extension.swift"; sourceTree = "<group>"; };
		7EE6F3FC22267FDC00F3D61F /* CustomerService.swift */ = {isa = PBXFileReference; lastKnownFileType = sourcecode.swift; path = CustomerService.swift; sourceTree = "<group>"; };
		7EE7770621EB13A1009A1BB4 /* Constants.swift */ = {isa = PBXFileReference; lastKnownFileType = sourcecode.swift; path = Constants.swift; sourceTree = "<group>"; };
		7EE84DD921B46EAF00D80208 /* ProductColorsCollectionViewCell.swift */ = {isa = PBXFileReference; lastKnownFileType = sourcecode.swift; path = ProductColorsCollectionViewCell.swift; sourceTree = "<group>"; };
		7EE84DDB21B4FE8700D80208 /* UIImage+extension.swift */ = {isa = PBXFileReference; lastKnownFileType = sourcecode.swift; path = "UIImage+extension.swift"; sourceTree = "<group>"; };
		7EEB1BB421AD81B80049ACFB /* DetailSummaryView.swift */ = {isa = PBXFileReference; lastKnownFileType = sourcecode.swift; path = DetailSummaryView.swift; sourceTree = "<group>"; };
		7EEB1BB621AD82760049ACFB /* UserRating.swift */ = {isa = PBXFileReference; lastKnownFileType = sourcecode.swift; path = UserRating.swift; sourceTree = "<group>"; };
		7EEB1BB821AD829B0049ACFB /* Double+Extension.swift */ = {isa = PBXFileReference; lastKnownFileType = sourcecode.swift; path = "Double+Extension.swift"; sourceTree = "<group>"; };
		7EEB1BBA21AD82AD0049ACFB /* UIColor+extension.swift */ = {isa = PBXFileReference; lastKnownFileType = sourcecode.swift; path = "UIColor+extension.swift"; sourceTree = "<group>"; };
		7EEBCE3221A4965D00659C9B /* FolledoAndKennedyStore.app */ = {isa = PBXFileReference; explicitFileType = wrapper.application; includeInIndex = 0; path = FolledoAndKennedyStore.app; sourceTree = BUILT_PRODUCTS_DIR; };
		7EEBCE3521A4965D00659C9B /* AppDelegate.swift */ = {isa = PBXFileReference; lastKnownFileType = sourcecode.swift; path = AppDelegate.swift; sourceTree = "<group>"; };
		7EEBCE3A21A4965D00659C9B /* Base */ = {isa = PBXFileReference; lastKnownFileType = file.storyboard; name = Base; path = Base.lproj/Main.storyboard; sourceTree = "<group>"; };
		7EEBCE3C21A4966100659C9B /* Assets.xcassets */ = {isa = PBXFileReference; lastKnownFileType = folder.assetcatalog; path = Assets.xcassets; sourceTree = "<group>"; };
		7EEBCE3F21A4966100659C9B /* Base */ = {isa = PBXFileReference; lastKnownFileType = file.storyboard; name = Base; path = Base.lproj/LaunchScreen.storyboard; sourceTree = "<group>"; };
		7EEBCE4121A4966100659C9B /* Info.plist */ = {isa = PBXFileReference; lastKnownFileType = text.plist.xml; path = Info.plist; sourceTree = "<group>"; };
		7EEBCE4721A496CF00659C9B /* CoreDataStack.swift */ = {isa = PBXFileReference; fileEncoding = 4; lastKnownFileType = sourcecode.swift; path = CoreDataStack.swift; sourceTree = "<group>"; };
		7EEBCE4921A496CF00659C9B /* StoreModelData.xcdatamodel */ = {isa = PBXFileReference; lastKnownFileType = wrapper.xcdatamodel; path = StoreModelData.xcdatamodel; sourceTree = "<group>"; };
		7EEBCE4A21A496CF00659C9B /* clothesProducts.json */ = {isa = PBXFileReference; fileEncoding = 4; lastKnownFileType = text.json; path = clothesProducts.json; sourceTree = "<group>"; };
		7EEBCEDF21A4D6BB00659C9B /* HomeViewController.swift */ = {isa = PBXFileReference; lastKnownFileType = sourcecode.swift; path = HomeViewController.swift; sourceTree = "<group>"; };
		7EEBCEE221A4D94100659C9B /* Utility.swift */ = {isa = PBXFileReference; fileEncoding = 4; lastKnownFileType = sourcecode.swift; path = Utility.swift; sourceTree = "<group>"; };
		7EEBCEE421A4D94100659C9B /* String+extension.swift */ = {isa = PBXFileReference; fileEncoding = 4; lastKnownFileType = sourcecode.swift; path = "String+extension.swift"; sourceTree = "<group>"; };
		7EEBCF7221A4F16700659C9B /* Service.swift */ = {isa = PBXFileReference; fileEncoding = 4; lastKnownFileType = sourcecode.swift; path = Service.swift; sourceTree = "<group>"; };
		7EEBCF7621A4F80C00659C9B /* ProductListsViewController.swift */ = {isa = PBXFileReference; lastKnownFileType = sourcecode.swift; path = ProductListsViewController.swift; sourceTree = "<group>"; };
		7EEBCF8321A5B76C00659C9B /* ProductService.swift */ = {isa = PBXFileReference; lastKnownFileType = sourcecode.swift; path = ProductService.swift; sourceTree = "<group>"; };
		7EEBCF8521A5B7A600659C9B /* ProductTableViewCell.swift */ = {isa = PBXFileReference; lastKnownFileType = sourcecode.swift; path = ProductTableViewCell.swift; sourceTree = "<group>"; };
		7EECC4C221B73ADC00ABE1E9 /* DetailSummary.swift */ = {isa = PBXFileReference; fileEncoding = 4; lastKnownFileType = sourcecode.swift; path = DetailSummary.swift; sourceTree = "<group>"; };
		7EECC4C621B769E800ABE1E9 /* UIButton+extension.swift */ = {isa = PBXFileReference; lastKnownFileType = sourcecode.swift; path = "UIButton+extension.swift"; sourceTree = "<group>"; };
		7EED1A8C2242CC2F007E4140 /* T5-3-White.png */ = {isa = PBXFileReference; lastKnownFileType = image.png; path = "T5-3-White.png"; sourceTree = "<group>"; };
		7EED1A8D2242CC2F007E4140 /* T5-5-Black&Blue.png */ = {isa = PBXFileReference; lastKnownFileType = image.png; path = "T5-5-Black&Blue.png"; sourceTree = "<group>"; };
		7EED1A8E2242CC2F007E4140 /* T5-2-Blue.png */ = {isa = PBXFileReference; lastKnownFileType = image.png; path = "T5-2-Blue.png"; sourceTree = "<group>"; };
		7EED1A8F2242CC2F007E4140 /* T5-1-Brown.png */ = {isa = PBXFileReference; lastKnownFileType = image.png; path = "T5-1-Brown.png"; sourceTree = "<group>"; };
		7EED1A902242CC2F007E4140 /* T5-4-Black.png */ = {isa = PBXFileReference; lastKnownFileType = image.png; path = "T5-4-Black.png"; sourceTree = "<group>"; };
		7EED1A922242CC2F007E4140 /* T2-5-Tiger.png */ = {isa = PBXFileReference; lastKnownFileType = image.png; path = "T2-5-Tiger.png"; sourceTree = "<group>"; };
		7EED1A932242CC2F007E4140 /* T2-2-Soldier.png */ = {isa = PBXFileReference; lastKnownFileType = image.png; path = "T2-2-Soldier.png"; sourceTree = "<group>"; };
		7EED1A942242CC2F007E4140 /* T2-3-Anchor.png */ = {isa = PBXFileReference; lastKnownFileType = image.png; path = "T2-3-Anchor.png"; sourceTree = "<group>"; };
		7EED1A952242CC2F007E4140 /* T2-4-Lady.png */ = {isa = PBXFileReference; lastKnownFileType = image.png; path = "T2-4-Lady.png"; sourceTree = "<group>"; };
		7EED1A962242CC2F007E4140 /* T2-1-Panda.png */ = {isa = PBXFileReference; lastKnownFileType = image.png; path = "T2-1-Panda.png"; sourceTree = "<group>"; };
		7EED1A982242CC2F007E4140 /* T3-5-Blue&Pink.png */ = {isa = PBXFileReference; lastKnownFileType = image.png; path = "T3-5-Blue&Pink.png"; sourceTree = "<group>"; };
		7EED1A992242CC2F007E4140 /* T3-4-Red.png */ = {isa = PBXFileReference; lastKnownFileType = image.png; path = "T3-4-Red.png"; sourceTree = "<group>"; };
		7EED1A9A2242CC2F007E4140 /* T3-3-White&Black.png */ = {isa = PBXFileReference; lastKnownFileType = image.png; path = "T3-3-White&Black.png"; sourceTree = "<group>"; };
		7EED1A9B2242CC2F007E4140 /* T3-1-Black&Brown.png */ = {isa = PBXFileReference; lastKnownFileType = image.png; path = "T3-1-Black&Brown.png"; sourceTree = "<group>"; };
		7EED1A9C2242CC2F007E4140 /* T3-2-Gray.png */ = {isa = PBXFileReference; lastKnownFileType = image.png; path = "T3-2-Gray.png"; sourceTree = "<group>"; };
		7EED1A9E2242CC2F007E4140 /* T4-2-Black.png */ = {isa = PBXFileReference; lastKnownFileType = image.png; path = "T4-2-Black.png"; sourceTree = "<group>"; };
		7EED1A9F2242CC2F007E4140 /* T4-1-Black.png */ = {isa = PBXFileReference; lastKnownFileType = image.png; path = "T4-1-Black.png"; sourceTree = "<group>"; };
		7EED1AA12242CC2F007E4140 /* T1-1-White.png */ = {isa = PBXFileReference; lastKnownFileType = image.png; path = "T1-1-White.png"; sourceTree = "<group>"; };
		7EED1AA22242CC2F007E4140 /* T1-7-Blue.png */ = {isa = PBXFileReference; lastKnownFileType = image.png; path = "T1-7-Blue.png"; sourceTree = "<group>"; };
		7EED1AA32242CC2F007E4140 /* T1-5-LightGray.png */ = {isa = PBXFileReference; lastKnownFileType = image.png; path = "T1-5-LightGray.png"; sourceTree = "<group>"; };
		7EED1AA42242CC2F007E4140 /* T1-4-Camo.png */ = {isa = PBXFileReference; lastKnownFileType = image.png; path = "T1-4-Camo.png"; sourceTree = "<group>"; };
		7EED1AA52242CC2F007E4140 /* T1-3-White.png */ = {isa = PBXFileReference; lastKnownFileType = image.png; path = "T1-3-White.png"; sourceTree = "<group>"; };
		7EED1AA62242CC2F007E4140 /* T1-6-Black.png */ = {isa = PBXFileReference; lastKnownFileType = image.png; path = "T1-6-Black.png"; sourceTree = "<group>"; };
		7EED1AA72242CC2F007E4140 /* T1-2-White.png */ = {isa = PBXFileReference; lastKnownFileType = image.png; path = "T1-2-White.png"; sourceTree = "<group>"; };
		7EED1AA92242CC2F007E4140 /* T6-1-Black.png */ = {isa = PBXFileReference; lastKnownFileType = image.png; path = "T6-1-Black.png"; sourceTree = "<group>"; };
		7EED1AAA2242CC2F007E4140 /* T6-2-Black.png */ = {isa = PBXFileReference; lastKnownFileType = image.png; path = "T6-2-Black.png"; sourceTree = "<group>"; };
		7EED1AAB2242CC2F007E4140 /* T6-3-Black.png */ = {isa = PBXFileReference; lastKnownFileType = image.png; path = "T6-3-Black.png"; sourceTree = "<group>"; };
		7EED1AAD2242CC2F007E4140 /* T8-2-Red & Black.png */ = {isa = PBXFileReference; lastKnownFileType = image.png; path = "T8-2-Red & Black.png"; sourceTree = "<group>"; };
		7EED1AAE2242CC2F007E4140 /* T8-3-Red & Black.png */ = {isa = PBXFileReference; lastKnownFileType = image.png; path = "T8-3-Red & Black.png"; sourceTree = "<group>"; };
		7EED1AAF2242CC2F007E4140 /* T8-1-Red & Black.png */ = {isa = PBXFileReference; lastKnownFileType = image.png; path = "T8-1-Red & Black.png"; sourceTree = "<group>"; };
		7EED1AB12242CC2F007E4140 /* T7-1-Blue.png */ = {isa = PBXFileReference; lastKnownFileType = image.png; path = "T7-1-Blue.png"; sourceTree = "<group>"; };
		7EED1AB32242CC2F007E4140 /* SH2-1-LimitedLogo.png */ = {isa = PBXFileReference; lastKnownFileType = image.png; path = "SH2-1-LimitedLogo.png"; sourceTree = "<group>"; };
		7EED1AB42242CC2F007E4140 /* SH1-1-WhiteLogo.png */ = {isa = PBXFileReference; lastKnownFileType = image.png; path = "SH1-1-WhiteLogo.png"; sourceTree = "<group>"; };
		7EED1AB82242CC2F007E4140 /* P4-1-Black.png */ = {isa = PBXFileReference; lastKnownFileType = image.png; path = "P4-1-Black.png"; sourceTree = "<group>"; };
		7EED1AB92242CC2F007E4140 /* P4-2-Blue.png */ = {isa = PBXFileReference; lastKnownFileType = image.png; path = "P4-2-Blue.png"; sourceTree = "<group>"; };
		7EED1ABA2242CC2F007E4140 /* P4-3-Purple.png */ = {isa = PBXFileReference; lastKnownFileType = image.png; path = "P4-3-Purple.png"; sourceTree = "<group>"; };
		7EED1ABB2242CC2F007E4140 /* P4-4-Red.png */ = {isa = PBXFileReference; lastKnownFileType = image.png; path = "P4-4-Red.png"; sourceTree = "<group>"; };
		7EED1ABD2242CC2F007E4140 /* P3-2-Blue.png */ = {isa = PBXFileReference; lastKnownFileType = image.png; path = "P3-2-Blue.png"; sourceTree = "<group>"; };
		7EED1ABE2242CC2F007E4140 /* P3-1-Blue.png */ = {isa = PBXFileReference; lastKnownFileType = image.png; path = "P3-1-Blue.png"; sourceTree = "<group>"; };
		7EED1ABF2242CC2F007E4140 /* P3-4-DarkBlue.png */ = {isa = PBXFileReference; lastKnownFileType = image.png; path = "P3-4-DarkBlue.png"; sourceTree = "<group>"; };
		7EED1AC02242CC2F007E4140 /* P3-3-DarkBlue.png */ = {isa = PBXFileReference; lastKnownFileType = image.png; path = "P3-3-DarkBlue.png"; sourceTree = "<group>"; };
		7EED1AC12242CC2F007E4140 /* TP1-1-Black&Gold.png */ = {isa = PBXFileReference; lastKnownFileType = image.png; path = "TP1-1-Black&Gold.png"; sourceTree = "<group>"; };
		7EED1AC32242CC2F007E4140 /* P2-4-LightGray.png */ = {isa = PBXFileReference; lastKnownFileType = image.png; path = "P2-4-LightGray.png"; sourceTree = "<group>"; };
		7EED1AC42242CC2F007E4140 /* P2-2-Burgundy.png */ = {isa = PBXFileReference; lastKnownFileType = image.png; path = "P2-2-Burgundy.png"; sourceTree = "<group>"; };
		7EED1AC52242CC2F007E4140 /* P2-1-Yellow.png */ = {isa = PBXFileReference; lastKnownFileType = image.png; path = "P2-1-Yellow.png"; sourceTree = "<group>"; };
		7EED1AC62242CC2F007E4140 /* P2-5-LightPink.png */ = {isa = PBXFileReference; lastKnownFileType = image.png; path = "P2-5-LightPink.png"; sourceTree = "<group>"; };
		7EED1AC72242CC2F007E4140 /* P2-3-Gray.png */ = {isa = PBXFileReference; lastKnownFileType = image.png; path = "P2-3-Gray.png"; sourceTree = "<group>"; };
		7EED1AC92242CC2F007E4140 /* P5-2-Black&Gray.png */ = {isa = PBXFileReference; lastKnownFileType = image.png; path = "P5-2-Black&Gray.png"; sourceTree = "<group>"; };
		7EED1ACA2242CC2F007E4140 /* P5-3-DarkGreen.png */ = {isa = PBXFileReference; lastKnownFileType = image.png; path = "P5-3-DarkGreen.png"; sourceTree = "<group>"; };
		7EED1ACB2242CC2F007E4140 /* P5-5-Black.png */ = {isa = PBXFileReference; lastKnownFileType = image.png; path = "P5-5-Black.png"; sourceTree = "<group>"; };
		7EED1ACC2242CC2F007E4140 /* P5-1-Red.png */ = {isa = PBXFileReference; lastKnownFileType = image.png; path = "P5-1-Red.png"; sourceTree = "<group>"; };
		7EED1ACD2242CC2F007E4140 /* P5-4-LightGray.png */ = {isa = PBXFileReference; lastKnownFileType = image.png; path = "P5-4-LightGray.png"; sourceTree = "<group>"; };
		7EED1ACF2242CC2F007E4140 /* P6-3-Blue.png */ = {isa = PBXFileReference; lastKnownFileType = image.png; path = "P6-3-Blue.png"; sourceTree = "<group>"; };
		7EED1AD02242CC2F007E4140 /* P6-4-Black.png */ = {isa = PBXFileReference; lastKnownFileType = image.png; path = "P6-4-Black.png"; sourceTree = "<group>"; };
		7EED1AD12242CC2F007E4140 /* P6-5-Brown.png */ = {isa = PBXFileReference; lastKnownFileType = image.png; path = "P6-5-Brown.png"; sourceTree = "<group>"; };
		7EED1AD22242CC2F007E4140 /* P6-1-Red.png */ = {isa = PBXFileReference; lastKnownFileType = image.png; path = "P6-1-Red.png"; sourceTree = "<group>"; };
		7EED1AD32242CC2F007E4140 /* P6-2-White.png */ = {isa = PBXFileReference; lastKnownFileType = image.png; path = "P6-2-White.png"; sourceTree = "<group>"; };
		7EED1AD52242CC2F007E4140 /* P1-4-White.png */ = {isa = PBXFileReference; lastKnownFileType = image.png; path = "P1-4-White.png"; sourceTree = "<group>"; };
		7EED1AD62242CC2F007E4140 /* P1-2-Blue.png */ = {isa = PBXFileReference; lastKnownFileType = image.png; path = "P1-2-Blue.png"; sourceTree = "<group>"; };
		7EED1AD72242CC2F007E4140 /* P1-1-Black.png */ = {isa = PBXFileReference; lastKnownFileType = image.png; path = "P1-1-Black.png"; sourceTree = "<group>"; };
		7EED1AD82242CC2F007E4140 /* P1-3-Red.png */ = {isa = PBXFileReference; lastKnownFileType = image.png; path = "P1-3-Red.png"; sourceTree = "<group>"; };
		7EED1AD92242CC2F007E4140 /* P1-5-Black&Green.png */ = {isa = PBXFileReference; lastKnownFileType = image.png; path = "P1-5-Black&Green.png"; sourceTree = "<group>"; };
		7EED1ADB2242CC2F007E4140 /* elevatedLogo.png */ = {isa = PBXFileReference; lastKnownFileType = image.png; path = elevatedLogo.png; sourceTree = "<group>"; };
		7EED1ADE2242CC2F007E4140 /* SB1-1-Black.png */ = {isa = PBXFileReference; lastKnownFileType = image.png; path = "SB1-1-Black.png"; sourceTree = "<group>"; };
		7EED1AE02242CC2F007E4140 /* JA1-1-Black.png */ = {isa = PBXFileReference; lastKnownFileType = image.png; path = "JA1-1-Black.png"; sourceTree = "<group>"; };
		7EED1AE12242CC2F007E4140 /* SS1-1-TriangleLogo.png */ = {isa = PBXFileReference; lastKnownFileType = image.png; path = "SS1-1-TriangleLogo.png"; sourceTree = "<group>"; };
		7EED1AE22242CC2F007E4140 /* HD1-1-TriangleLogo.png */ = {isa = PBXFileReference; lastKnownFileType = image.png; path = "HD1-1-TriangleLogo.png"; sourceTree = "<group>"; };
		7EEFDB0121AD79BA00AC7098 /* ProductDetailsViewController.swift */ = {isa = PBXFileReference; lastKnownFileType = sourcecode.swift; path = ProductDetailsViewController.swift; sourceTree = "<group>"; };
/* End PBXFileReference section */

/* Begin PBXFrameworksBuildPhase section */
		7EEBCE2F21A4965D00659C9B /* Frameworks */ = {
			isa = PBXFrameworksBuildPhase;
			buildActionMask = 2147483647;
			files = (
			);
			runOnlyForDeploymentPostprocessing = 0;
		};
/* End PBXFrameworksBuildPhase section */

/* Begin PBXGroup section */
		7E2D834522275CE100A36479 /* Checkout */ = {
			isa = PBXGroup;
			children = (
				7E4DF74921D9DDD0006747D5 /* CheckoutViewController.swift */,
				7E2D834622275D0900A36479 /* CheckoutError.swift */,
			);
			path = Checkout;
			sourceTree = "<group>";
		};
		7EBB747F2228A4A50009520E /* Resources */ = {
			isa = PBXGroup;
			children = (
				7EED1A892242CC2F007E4140 /* assets Images */,
				7EBB74802228A4B50009520E /* fonts */,
			);
			path = Resources;
			sourceTree = "<group>";
		};
		7EBB74802228A4B50009520E /* fonts */ = {
			isa = PBXGroup;
			children = (
				7EBB74812228A6410009520E /* Jockey_One */,
			);
			name = fonts;
			path = "../New Group/fonts";
			sourceTree = "<group>";
		};
		7EBB74812228A6410009520E /* Jockey_One */ = {
			isa = PBXGroup;
			children = (
				7EBB74822228A6410009520E /* JockeyOne-Regular.ttf */,
				7EBB74832228A6410009520E /* OFL.txt */,
			);
			path = Jockey_One;
			sourceTree = "<group>";
		};
		7EE6303721DC510C00BE05B5 /* Shopping Cart */ = {
			isa = PBXGroup;
			children = (
				7EE6303821DC512B00BE05B5 /* ItemInCartTableViewCell.swift */,
				7EE6303921DC512B00BE05B5 /* ItemInCartTableViewCell.xib */,
			);
			path = "Shopping Cart";
			sourceTree = "<group>";
		};
		7EE6F3F62226706400F3D61F /* ConfirmOrder */ = {
			isa = PBXGroup;
			children = (
				7E5748F622234D1B00DF79B3 /* ConfirmOrderViewController.swift */,
				7EE6F3F72226708800F3D61F /* ConfirmOrderCells */,
			);
			path = ConfirmOrder;
			sourceTree = "<group>";
		};
		7EE6F3F72226708800F3D61F /* ConfirmOrderCells */ = {
			isa = PBXGroup;
			children = (
				7EC528372273AA9C001733D9 /* ShippingTableViewCell.swift */,
				7EC528382273AA9C001733D9 /* ShippingTableViewCell.xib */,
				7EC5283B2273AAC6001733D9 /* PaymentInfoTableViewCell.swift */,
				7EC5283C2273AAC6001733D9 /* PaymentInfoTableViewCell.xib */,
			);
			path = ConfirmOrderCells;
			sourceTree = "<group>";
		};
		7EEB1BB221AD818F0049ACFB /* Home */ = {
			isa = PBXGroup;
			children = (
				7EEBCF8521A5B7A600659C9B /* ProductTableViewCell.swift */,
			);
			path = Home;
			sourceTree = "<group>";
		};
		7EEB1BB321AD81A30049ACFB /* Details */ = {
			isa = PBXGroup;
			children = (
				7EEB1BB421AD81B80049ACFB /* DetailSummaryView.swift */,
				7EE84DD921B46EAF00D80208 /* ProductColorsCollectionViewCell.swift */,
			);
			path = Details;
			sourceTree = "<group>";
		};
		7EEBCE2921A4965D00659C9B = {
			isa = PBXGroup;
			children = (
				7EEBCE3421A4965D00659C9B /* FolledoAndKennedyStore */,
				7EEBCE3321A4965D00659C9B /* Products */,
			);
			sourceTree = "<group>";
		};
		7EEBCE3321A4965D00659C9B /* Products */ = {
			isa = PBXGroup;
			children = (
				7EEBCE3221A4965D00659C9B /* FolledoAndKennedyStore.app */,
			);
			name = Products;
			sourceTree = "<group>";
		};
		7EEBCE3421A4965D00659C9B /* FolledoAndKennedyStore */ = {
			isa = PBXGroup;
			children = (
				7EEBCE3521A4965D00659C9B /* AppDelegate.swift */,
				7EEBCE3921A4965D00659C9B /* Main.storyboard */,
				7EA08F112264E07F00F0E974 /* Checkout.storyboard */,
				7E4DF73D21D9DAEF006747D5 /* CartSB.storyboard */,
				7EEBCF8021A5B6F100659C9B /* Controllers */,
				7EEBCF8121A5B70300659C9B /* Views */,
				7EEBCF8221A5B72400659C9B /* Model */,
				7EEBCE4E21A496D700659C9B /* DataModel */,
				7EEBCEE321A4D94100659C9B /* extension */,
				7EEBCEE121A4D94100659C9B /* helper */,
				7EEBCE3C21A4966100659C9B /* Assets.xcassets */,
				7EBB747F2228A4A50009520E /* Resources */,
				7EEBCE3E21A4966100659C9B /* LaunchScreen.storyboard */,
				7EEBCE4121A4966100659C9B /* Info.plist */,
			);
			path = FolledoAndKennedyStore;
			sourceTree = "<group>";
		};
		7EEBCE4E21A496D700659C9B /* DataModel */ = {
			isa = PBXGroup;
			children = (
				7EEBCE4A21A496CF00659C9B /* clothesProducts.json */,
				7EEBCE4721A496CF00659C9B /* CoreDataStack.swift */,
				7EEBCE4821A496CF00659C9B /* StoreDataModel.xcdatamodeld */,
			);
			path = DataModel;
			sourceTree = "<group>";
		};
		7EEBCEE121A4D94100659C9B /* helper */ = {
			isa = PBXGroup;
			children = (
				7EEBCF7221A4F16700659C9B /* Service.swift */,
				7EEBCEE221A4D94100659C9B /* Utility.swift */,
				7EEB1BB621AD82760049ACFB /* UserRating.swift */,
				7EE7770621EB13A1009A1BB4 /* Constants.swift */,
			);
			path = helper;
			sourceTree = "<group>";
		};
		7EEBCEE321A4D94100659C9B /* extension */ = {
			isa = PBXGroup;
			children = (
				7EECC4C621B769E800ABE1E9 /* UIButton+extension.swift */,
				7EE84DDB21B4FE8700D80208 /* UIImage+extension.swift */,
				7EEBCEE421A4D94100659C9B /* String+extension.swift */,
				7EEB1BB821AD829B0049ACFB /* Double+Extension.swift */,
				7EEB1BBA21AD82AD0049ACFB /* UIColor+extension.swift */,
				7EE68678222A760D0053288B /* UITextField+extension.swift */,
			);
			path = extension;
			sourceTree = "<group>";
		};
		7EEBCF8021A5B6F100659C9B /* Controllers */ = {
			isa = PBXGroup;
			children = (
				7EEBCEDF21A4D6BB00659C9B /* HomeViewController.swift */,
				7EEBCF7621A4F80C00659C9B /* ProductListsViewController.swift */,
				7EEFDB0121AD79BA00AC7098 /* ProductDetailsViewController.swift */,
				7E4DF74721D9DDC6006747D5 /* CartViewController.swift */,
				7ED0F5302228D07000252668 /* OrderCompletedViewController.swift */,
				7E2D834522275CE100A36479 /* Checkout */,
				7EE6F3F62226706400F3D61F /* ConfirmOrder */,
				7E4DF74B21D9E601006747D5 /* ExtraViewController.swift */,
			);
			path = Controllers;
			sourceTree = "<group>";
		};
		7EEBCF8121A5B70300659C9B /* Views */ = {
			isa = PBXGroup;
			children = (
				7EE6303721DC510C00BE05B5 /* Shopping Cart */,
				7EEB1BB221AD818F0049ACFB /* Home */,
				7EEB1BB321AD81A30049ACFB /* Details */,
			);
			path = Views;
			sourceTree = "<group>";
		};
		7EEBCF8221A5B72400659C9B /* Model */ = {
			isa = PBXGroup;
			children = (
				7EECC4C221B73ADC00ABE1E9 /* DetailSummary.swift */,
				7EEBCF8321A5B76C00659C9B /* ProductService.swift */,
				7E4DF73B21D9D082006747D5 /* ShoppingCart.swift */,
				7EE6F3FC22267FDC00F3D61F /* CustomerService.swift */,
			);
			path = Model;
			sourceTree = "<group>";
		};
		7EED1A892242CC2F007E4140 /* assets Images */ = {
			isa = PBXGroup;
			children = (
				7EED1A8A2242CC2F007E4140 /* top */,
				7EED1AB22242CC2F007E4140 /* shirts */,
				7EED1AB52242CC2F007E4140 /* sweatshirts */,
				7EED1AB62242CC2F007E4140 /* pants */,
				7EED1ADA2242CC2F007E4140 /* Kennedy */,
				7EED1ADC2242CC2F007E4140 /* New Group */,
				7EED1ADD2242CC2F007E4140 /* bags */,
				7EED1ADF2242CC2F007E4140 /* jackets */,
			);
			path = "assets Images";
			sourceTree = "<group>";
		};
		7EED1A8A2242CC2F007E4140 /* top */ = {
			isa = PBXGroup;
			children = (
				7EED1A8B2242CC2F007E4140 /* t5 */,
				7EED1A912242CC2F007E4140 /* t2 */,
				7EED1A972242CC2F007E4140 /* t3 */,
				7EED1A9D2242CC2F007E4140 /* t4 */,
				7EED1AA02242CC2F007E4140 /* t1 */,
				7EED1AA82242CC2F007E4140 /* t6 */,
				7EED1AAC2242CC2F007E4140 /* t8 */,
				7EED1AB02242CC2F007E4140 /* t7 */,
			);
			path = top;
			sourceTree = "<group>";
		};
		7EED1A8B2242CC2F007E4140 /* t5 */ = {
			isa = PBXGroup;
			children = (
				7EED1A8C2242CC2F007E4140 /* T5-3-White.png */,
				7EED1A8D2242CC2F007E4140 /* T5-5-Black&Blue.png */,
				7EED1A8E2242CC2F007E4140 /* T5-2-Blue.png */,
				7EED1A8F2242CC2F007E4140 /* T5-1-Brown.png */,
				7EED1A902242CC2F007E4140 /* T5-4-Black.png */,
			);
			path = t5;
			sourceTree = "<group>";
		};
		7EED1A912242CC2F007E4140 /* t2 */ = {
			isa = PBXGroup;
			children = (
				7EED1A922242CC2F007E4140 /* T2-5-Tiger.png */,
				7EED1A932242CC2F007E4140 /* T2-2-Soldier.png */,
				7EED1A942242CC2F007E4140 /* T2-3-Anchor.png */,
				7EED1A952242CC2F007E4140 /* T2-4-Lady.png */,
				7EED1A962242CC2F007E4140 /* T2-1-Panda.png */,
			);
			path = t2;
			sourceTree = "<group>";
		};
		7EED1A972242CC2F007E4140 /* t3 */ = {
			isa = PBXGroup;
			children = (
				7EED1A982242CC2F007E4140 /* T3-5-Blue&Pink.png */,
				7EED1A992242CC2F007E4140 /* T3-4-Red.png */,
				7EED1A9A2242CC2F007E4140 /* T3-3-White&Black.png */,
				7EED1A9B2242CC2F007E4140 /* T3-1-Black&Brown.png */,
				7EED1A9C2242CC2F007E4140 /* T3-2-Gray.png */,
			);
			path = t3;
			sourceTree = "<group>";
		};
		7EED1A9D2242CC2F007E4140 /* t4 */ = {
			isa = PBXGroup;
			children = (
				7EED1A9E2242CC2F007E4140 /* T4-2-Black.png */,
				7EED1A9F2242CC2F007E4140 /* T4-1-Black.png */,
			);
			path = t4;
			sourceTree = "<group>";
		};
		7EED1AA02242CC2F007E4140 /* t1 */ = {
			isa = PBXGroup;
			children = (
				7EED1AA12242CC2F007E4140 /* T1-1-White.png */,
				7EED1AA22242CC2F007E4140 /* T1-7-Blue.png */,
				7EED1AA32242CC2F007E4140 /* T1-5-LightGray.png */,
				7EED1AA42242CC2F007E4140 /* T1-4-Camo.png */,
				7EED1AA52242CC2F007E4140 /* T1-3-White.png */,
				7EED1AA62242CC2F007E4140 /* T1-6-Black.png */,
				7EED1AA72242CC2F007E4140 /* T1-2-White.png */,
			);
			path = t1;
			sourceTree = "<group>";
		};
		7EED1AA82242CC2F007E4140 /* t6 */ = {
			isa = PBXGroup;
			children = (
				7EED1AA92242CC2F007E4140 /* T6-1-Black.png */,
				7EED1AAA2242CC2F007E4140 /* T6-2-Black.png */,
				7EED1AAB2242CC2F007E4140 /* T6-3-Black.png */,
			);
			path = t6;
			sourceTree = "<group>";
		};
		7EED1AAC2242CC2F007E4140 /* t8 */ = {
			isa = PBXGroup;
			children = (
				7EED1AAD2242CC2F007E4140 /* T8-2-Red & Black.png */,
				7EED1AAE2242CC2F007E4140 /* T8-3-Red & Black.png */,
				7EED1AAF2242CC2F007E4140 /* T8-1-Red & Black.png */,
			);
			path = t8;
			sourceTree = "<group>";
		};
		7EED1AB02242CC2F007E4140 /* t7 */ = {
			isa = PBXGroup;
			children = (
				7EED1AB12242CC2F007E4140 /* T7-1-Blue.png */,
			);
			path = t7;
			sourceTree = "<group>";
		};
		7EED1AB22242CC2F007E4140 /* shirts */ = {
			isa = PBXGroup;
			children = (
				7EED1AB32242CC2F007E4140 /* SH2-1-LimitedLogo.png */,
				7EED1AB42242CC2F007E4140 /* SH1-1-WhiteLogo.png */,
			);
			path = shirts;
			sourceTree = "<group>";
		};
		7EED1AB52242CC2F007E4140 /* sweatshirts */ = {
			isa = PBXGroup;
			children = (
			);
			path = sweatshirts;
			sourceTree = "<group>";
		};
		7EED1AB62242CC2F007E4140 /* pants */ = {
			isa = PBXGroup;
			children = (
				7EED1AB72242CC2F007E4140 /* p4 */,
				7EED1ABC2242CC2F007E4140 /* p3 */,
				7EED1AC12242CC2F007E4140 /* TP1-1-Black&Gold.png */,
				7EED1AC22242CC2F007E4140 /* p2 */,
				7EED1AC82242CC2F007E4140 /* p5 */,
				7EED1ACE2242CC2F007E4140 /* p6 */,
				7EED1AD42242CC2F007E4140 /* p1 */,
			);
			path = pants;
			sourceTree = "<group>";
		};
		7EED1AB72242CC2F007E4140 /* p4 */ = {
			isa = PBXGroup;
			children = (
				7EED1AB82242CC2F007E4140 /* P4-1-Black.png */,
				7EED1AB92242CC2F007E4140 /* P4-2-Blue.png */,
				7EED1ABA2242CC2F007E4140 /* P4-3-Purple.png */,
				7EED1ABB2242CC2F007E4140 /* P4-4-Red.png */,
			);
			path = p4;
			sourceTree = "<group>";
		};
		7EED1ABC2242CC2F007E4140 /* p3 */ = {
			isa = PBXGroup;
			children = (
				7EED1ABD2242CC2F007E4140 /* P3-2-Blue.png */,
				7EED1ABE2242CC2F007E4140 /* P3-1-Blue.png */,
				7EED1ABF2242CC2F007E4140 /* P3-4-DarkBlue.png */,
				7EED1AC02242CC2F007E4140 /* P3-3-DarkBlue.png */,
			);
			path = p3;
			sourceTree = "<group>";
		};
		7EED1AC22242CC2F007E4140 /* p2 */ = {
			isa = PBXGroup;
			children = (
				7EED1AC32242CC2F007E4140 /* P2-4-LightGray.png */,
				7EED1AC42242CC2F007E4140 /* P2-2-Burgundy.png */,
				7EED1AC52242CC2F007E4140 /* P2-1-Yellow.png */,
				7EED1AC62242CC2F007E4140 /* P2-5-LightPink.png */,
				7EED1AC72242CC2F007E4140 /* P2-3-Gray.png */,
			);
			path = p2;
			sourceTree = "<group>";
		};
		7EED1AC82242CC2F007E4140 /* p5 */ = {
			isa = PBXGroup;
			children = (
				7EED1AC92242CC2F007E4140 /* P5-2-Black&Gray.png */,
				7EED1ACA2242CC2F007E4140 /* P5-3-DarkGreen.png */,
				7EED1ACB2242CC2F007E4140 /* P5-5-Black.png */,
				7EED1ACC2242CC2F007E4140 /* P5-1-Red.png */,
				7EED1ACD2242CC2F007E4140 /* P5-4-LightGray.png */,
			);
			path = p5;
			sourceTree = "<group>";
		};
		7EED1ACE2242CC2F007E4140 /* p6 */ = {
			isa = PBXGroup;
			children = (
				7EED1ACF2242CC2F007E4140 /* P6-3-Blue.png */,
				7EED1AD02242CC2F007E4140 /* P6-4-Black.png */,
				7EED1AD12242CC2F007E4140 /* P6-5-Brown.png */,
				7EED1AD22242CC2F007E4140 /* P6-1-Red.png */,
				7EED1AD32242CC2F007E4140 /* P6-2-White.png */,
			);
			path = p6;
			sourceTree = "<group>";
		};
		7EED1AD42242CC2F007E4140 /* p1 */ = {
			isa = PBXGroup;
			children = (
				7EED1AD52242CC2F007E4140 /* P1-4-White.png */,
				7EED1AD62242CC2F007E4140 /* P1-2-Blue.png */,
				7EED1AD72242CC2F007E4140 /* P1-1-Black.png */,
				7EED1AD82242CC2F007E4140 /* P1-3-Red.png */,
				7EED1AD92242CC2F007E4140 /* P1-5-Black&Green.png */,
			);
			path = p1;
			sourceTree = "<group>";
		};
		7EED1ADA2242CC2F007E4140 /* Kennedy */ = {
			isa = PBXGroup;
			children = (
				7EED1ADB2242CC2F007E4140 /* elevatedLogo.png */,
			);
			path = Kennedy;
			sourceTree = "<group>";
		};
		7EED1ADC2242CC2F007E4140 /* New Group */ = {
			isa = PBXGroup;
			children = (
			);
			path = "New Group";
			sourceTree = "<group>";
		};
		7EED1ADD2242CC2F007E4140 /* bags */ = {
			isa = PBXGroup;
			children = (
				7EED1ADE2242CC2F007E4140 /* SB1-1-Black.png */,
			);
			path = bags;
			sourceTree = "<group>";
		};
		7EED1ADF2242CC2F007E4140 /* jackets */ = {
			isa = PBXGroup;
			children = (
				7EED1AE02242CC2F007E4140 /* JA1-1-Black.png */,
				7EED1AE12242CC2F007E4140 /* SS1-1-TriangleLogo.png */,
				7EED1AE22242CC2F007E4140 /* HD1-1-TriangleLogo.png */,
			);
			path = jackets;
			sourceTree = "<group>";
		};
/* End PBXGroup section */

/* Begin PBXNativeTarget section */
		7EEBCE3121A4965D00659C9B /* FolledoAndKennedyStore */ = {
			isa = PBXNativeTarget;
			buildConfigurationList = 7EEBCE4421A4966100659C9B /* Build configuration list for PBXNativeTarget "FolledoAndKennedyStore" */;
			buildPhases = (
				7EEBCE2E21A4965D00659C9B /* Sources */,
				7EEBCE2F21A4965D00659C9B /* Frameworks */,
				7EEBCE3021A4965D00659C9B /* Resources */,
			);
			buildRules = (
			);
			dependencies = (
			);
			name = FolledoAndKennedyStore;
			productName = FolledoAndKennedyStore;
			productReference = 7EEBCE3221A4965D00659C9B /* FolledoAndKennedyStore.app */;
			productType = "com.apple.product-type.application";
		};
/* End PBXNativeTarget section */

/* Begin PBXProject section */
		7EEBCE2A21A4965D00659C9B /* Project object */ = {
			isa = PBXProject;
			attributes = {
				LastSwiftUpdateCheck = 1010;
				LastUpgradeCheck = 1010;
				ORGANIZATIONNAME = "Samuel Folledo";
				TargetAttributes = {
					7EEBCE3121A4965D00659C9B = {
						CreatedOnToolsVersion = 10.1;
						LastSwiftMigration = 1030;
					};
				};
			};
			buildConfigurationList = 7EEBCE2D21A4965D00659C9B /* Build configuration list for PBXProject "FolledoAndKennedyStore" */;
			compatibilityVersion = "Xcode 9.3";
			developmentRegion = en;
			hasScannedForEncodings = 0;
			knownRegions = (
				en,
				Base,
			);
			mainGroup = 7EEBCE2921A4965D00659C9B;
			productRefGroup = 7EEBCE3321A4965D00659C9B /* Products */;
			projectDirPath = "";
			projectRoot = "";
			targets = (
				7EEBCE3121A4965D00659C9B /* FolledoAndKennedyStore */,
			);
		};
/* End PBXProject section */

/* Begin PBXResourcesBuildPhase section */
		7EEBCE3021A4965D00659C9B /* Resources */ = {
			isa = PBXResourcesBuildPhase;
			buildActionMask = 2147483647;
			files = (
				7E4DF73F21D9DAEF006747D5 /* CartSB.storyboard in Resources */,
				7EED1B1C2242CC2F007E4140 /* P1-4-White.png in Resources */,
				7EED1AEC2242CC2F007E4140 /* T2-1-Panda.png in Resources */,
				7EED1AE52242CC2F007E4140 /* T5-2-Blue.png in Resources */,
				7EED1B052242CC2F007E4140 /* P4-2-Blue.png in Resources */,
				7EED1AF02242CC2F007E4140 /* T3-1-Black&Brown.png in Resources */,
				7EED1AE32242CC2F007E4140 /* T5-3-White.png in Resources */,
				7EED1B082242CC2F007E4140 /* P3-2-Blue.png in Resources */,
				7EED1B0B2242CC2F007E4140 /* P3-3-DarkBlue.png in Resources */,
				7EED1B232242CC2F007E4140 /* JA1-1-Black.png in Resources */,
				7EED1AF12242CC2F007E4140 /* T3-2-Gray.png in Resources */,
				7EED1AF32242CC2F007E4140 /* T4-1-Black.png in Resources */,
				7EEBCE4021A4966100659C9B /* LaunchScreen.storyboard in Resources */,
				7EED1B1D2242CC2F007E4140 /* P1-2-Blue.png in Resources */,
				7EEBCE3D21A4966100659C9B /* Assets.xcassets in Resources */,
				7EED1B1E2242CC2F007E4140 /* P1-1-Black.png in Resources */,
				7EC5283E2273AAC6001733D9 /* PaymentInfoTableViewCell.xib in Resources */,
				7EC5283A2273AA9C001733D9 /* ShippingTableViewCell.xib in Resources */,
				7EED1B172242CC2F007E4140 /* P6-3-Blue.png in Resources */,
				7EED1AF52242CC2F007E4140 /* T1-7-Blue.png in Resources */,
				7EED1B222242CC2F007E4140 /* SB1-1-Black.png in Resources */,
				7EED1B242242CC2F007E4140 /* SS1-1-TriangleLogo.png in Resources */,
				7EBB74852228A6410009520E /* OFL.txt in Resources */,
				7EED1AFA2242CC2F007E4140 /* T1-2-White.png in Resources */,
				7EED1B122242CC2F007E4140 /* P5-2-Black&Gray.png in Resources */,
				7EA08F122264E07F00F0E974 /* Checkout.storyboard in Resources */,
				7EED1AFD2242CC2F007E4140 /* T6-3-Black.png in Resources */,
				7EED1AF62242CC2F007E4140 /* T1-5-LightGray.png in Resources */,
				7EED1AEA2242CC2F007E4140 /* T2-3-Anchor.png in Resources */,
				7EED1AEB2242CC2F007E4140 /* T2-4-Lady.png in Resources */,
				7EED1B0D2242CC2F007E4140 /* P2-4-LightGray.png in Resources */,
				7EED1B032242CC2F007E4140 /* SH1-1-WhiteLogo.png in Resources */,
				7EED1AF82242CC2F007E4140 /* T1-3-White.png in Resources */,
				7EED1B0C2242CC2F007E4140 /* TP1-1-Black&Gold.png in Resources */,
				7EED1B252242CC2F007E4140 /* HD1-1-TriangleLogo.png in Resources */,
				7EED1AE92242CC2F007E4140 /* T2-2-Soldier.png in Resources */,
				7EED1B092242CC2F007E4140 /* P3-1-Blue.png in Resources */,
				7EED1B062242CC2F007E4140 /* P4-3-Purple.png in Resources */,
				7EED1AED2242CC2F007E4140 /* T3-5-Blue&Pink.png in Resources */,
				7EED1B192242CC2F007E4140 /* P6-5-Brown.png in Resources */,
				7EED1AFE2242CC2F007E4140 /* T8-2-Red & Black.png in Resources */,
				7EED1B182242CC2F007E4140 /* P6-4-Black.png in Resources */,
				7EED1B102242CC2F007E4140 /* P2-5-LightPink.png in Resources */,
				7EED1B202242CC2F007E4140 /* P1-5-Black&Green.png in Resources */,
				7EED1AEE2242CC2F007E4140 /* T3-4-Red.png in Resources */,
				7EED1AF92242CC2F007E4140 /* T1-6-Black.png in Resources */,
				7EED1B0F2242CC2F007E4140 /* P2-1-Yellow.png in Resources */,
				7EED1B1F2242CC2F007E4140 /* P1-3-Red.png in Resources */,
				7EED1B0E2242CC2F007E4140 /* P2-2-Burgundy.png in Resources */,
				7EED1B112242CC2F007E4140 /* P2-3-Gray.png in Resources */,
				7EEBCE4D21A496CF00659C9B /* clothesProducts.json in Resources */,
				7EED1B1B2242CC2F007E4140 /* P6-2-White.png in Resources */,
				7EED1B0A2242CC2F007E4140 /* P3-4-DarkBlue.png in Resources */,
				7EE6303B21DC512B00BE05B5 /* ItemInCartTableViewCell.xib in Resources */,
				7EED1AE42242CC2F007E4140 /* T5-5-Black&Blue.png in Resources */,
				7EED1B132242CC2F007E4140 /* P5-3-DarkGreen.png in Resources */,
				7EED1B162242CC2F007E4140 /* P5-4-LightGray.png in Resources */,
				7EBB74842228A6410009520E /* JockeyOne-Regular.ttf in Resources */,
				7EED1B142242CC2F007E4140 /* P5-5-Black.png in Resources */,
				7EED1AE82242CC2F007E4140 /* T2-5-Tiger.png in Resources */,
				7EED1AFF2242CC2F007E4140 /* T8-3-Red & Black.png in Resources */,
				7EED1B002242CC2F007E4140 /* T8-1-Red & Black.png in Resources */,
				7EED1B042242CC2F007E4140 /* P4-1-Black.png in Resources */,
				7EED1AFC2242CC2F007E4140 /* T6-2-Black.png in Resources */,
				7EEBCE3B21A4965D00659C9B /* Main.storyboard in Resources */,
				7EED1AEF2242CC2F007E4140 /* T3-3-White&Black.png in Resources */,
				7EED1AF72242CC2F007E4140 /* T1-4-Camo.png in Resources */,
				7EED1AF22242CC2F007E4140 /* T4-2-Black.png in Resources */,
				7EED1B212242CC2F007E4140 /* elevatedLogo.png in Resources */,
				7EED1AE62242CC2F007E4140 /* T5-1-Brown.png in Resources */,
				7EED1B022242CC2F007E4140 /* SH2-1-LimitedLogo.png in Resources */,
				7EED1AFB2242CC2F007E4140 /* T6-1-Black.png in Resources */,
				7EED1AE72242CC2F007E4140 /* T5-4-Black.png in Resources */,
				7EED1B012242CC2F007E4140 /* T7-1-Blue.png in Resources */,
				7EED1B072242CC2F007E4140 /* P4-4-Red.png in Resources */,
				7EED1B152242CC2F007E4140 /* P5-1-Red.png in Resources */,
				7EED1AF42242CC2F007E4140 /* T1-1-White.png in Resources */,
				7EED1B1A2242CC2F007E4140 /* P6-1-Red.png in Resources */,
			);
			runOnlyForDeploymentPostprocessing = 0;
		};
/* End PBXResourcesBuildPhase section */

/* Begin PBXSourcesBuildPhase section */
		7EEBCE2E21A4965D00659C9B /* Sources */ = {
			isa = PBXSourcesBuildPhase;
			buildActionMask = 2147483647;
			files = (
				7E4DF74C21D9E602006747D5 /* ExtraViewController.swift in Sources */,
				7EEBCF7721A4F80C00659C9B /* ProductListsViewController.swift in Sources */,
				7EEB1BB521AD81B80049ACFB /* DetailSummaryView.swift in Sources */,
				7EEB1BB921AD829B0049ACFB /* Double+Extension.swift in Sources */,
				7EEBCEE521A4D94100659C9B /* Utility.swift in Sources */,
				7EE68679222A760D0053288B /* UITextField+extension.swift in Sources */,
				7EC5283D2273AAC6001733D9 /* PaymentInfoTableViewCell.swift in Sources */,
				7EECC4C721B769E800ABE1E9 /* UIButton+extension.swift in Sources */,
				7ED0F5312228D07000252668 /* OrderCompletedViewController.swift in Sources */,
				7EEBCF8621A5B7A600659C9B /* ProductTableViewCell.swift in Sources */,
				7EE7770721EB13A1009A1BB4 /* Constants.swift in Sources */,
				7EECC4C321B73ADC00ABE1E9 /* DetailSummary.swift in Sources */,
				7EEBCF7321A4F16700659C9B /* Service.swift in Sources */,
				7EEBCE4B21A496CF00659C9B /* CoreDataStack.swift in Sources */,
				7EEBCEE621A4D94100659C9B /* String+extension.swift in Sources */,
				7EE8BC2E21DF0B4F0047C76C /* ItemInCartTableViewCell.swift in Sources */,
				7EE6F3FD22267FDC00F3D61F /* CustomerService.swift in Sources */,
				7EEBCE3621A4965D00659C9B /* AppDelegate.swift in Sources */,
				7EEBCE4C21A496CF00659C9B /* StoreDataModel.xcdatamodeld in Sources */,
				7EE84DDA21B46EAF00D80208 /* ProductColorsCollectionViewCell.swift in Sources */,
				7E5748F722234D1B00DF79B3 /* ConfirmOrderViewController.swift in Sources */,
				7EEFDB0221AD79BA00AC7098 /* ProductDetailsViewController.swift in Sources */,
				7EEB1BB721AD82760049ACFB /* UserRating.swift in Sources */,
				7E2D834722275D0900A36479 /* CheckoutError.swift in Sources */,
				7E4DF73C21D9D082006747D5 /* ShoppingCart.swift in Sources */,
				7E4DF74A21D9DDD0006747D5 /* CheckoutViewController.swift in Sources */,
				7E4DF74821D9DDC6006747D5 /* CartViewController.swift in Sources */,
				7EC528392273AA9C001733D9 /* ShippingTableViewCell.swift in Sources */,
				7EEB1BBB21AD82AD0049ACFB /* UIColor+extension.swift in Sources */,
				7EE84DDC21B4FE8700D80208 /* UIImage+extension.swift in Sources */,
				7EEBCEE021A4D6BB00659C9B /* HomeViewController.swift in Sources */,
				7EEBCF8421A5B76C00659C9B /* ProductService.swift in Sources */,
			);
			runOnlyForDeploymentPostprocessing = 0;
		};
/* End PBXSourcesBuildPhase section */

/* Begin PBXVariantGroup section */
		7E4DF73D21D9DAEF006747D5 /* CartSB.storyboard */ = {
			isa = PBXVariantGroup;
			children = (
				7E4DF73E21D9DAEF006747D5 /* Base */,
			);
			name = CartSB.storyboard;
			sourceTree = "<group>";
		};
		7EEBCE3921A4965D00659C9B /* Main.storyboard */ = {
			isa = PBXVariantGroup;
			children = (
				7EEBCE3A21A4965D00659C9B /* Base */,
			);
			name = Main.storyboard;
			sourceTree = "<group>";
		};
		7EEBCE3E21A4966100659C9B /* LaunchScreen.storyboard */ = {
			isa = PBXVariantGroup;
			children = (
				7EEBCE3F21A4966100659C9B /* Base */,
			);
			name = LaunchScreen.storyboard;
			sourceTree = "<group>";
		};
/* End PBXVariantGroup section */

/* Begin XCBuildConfiguration section */
		7EEBCE4221A4966100659C9B /* Debug */ = {
			isa = XCBuildConfiguration;
			buildSettings = {
				ALWAYS_SEARCH_USER_PATHS = NO;
				CLANG_ANALYZER_NONNULL = YES;
				CLANG_ANALYZER_NUMBER_OBJECT_CONVERSION = YES_AGGRESSIVE;
				CLANG_CXX_LANGUAGE_STANDARD = "gnu++14";
				CLANG_CXX_LIBRARY = "libc++";
				CLANG_ENABLE_MODULES = YES;
				CLANG_ENABLE_OBJC_ARC = YES;
				CLANG_ENABLE_OBJC_WEAK = YES;
				CLANG_WARN_BLOCK_CAPTURE_AUTORELEASING = YES;
				CLANG_WARN_BOOL_CONVERSION = YES;
				CLANG_WARN_COMMA = YES;
				CLANG_WARN_CONSTANT_CONVERSION = YES;
				CLANG_WARN_DEPRECATED_OBJC_IMPLEMENTATIONS = YES;
				CLANG_WARN_DIRECT_OBJC_ISA_USAGE = YES_ERROR;
				CLANG_WARN_DOCUMENTATION_COMMENTS = YES;
				CLANG_WARN_EMPTY_BODY = YES;
				CLANG_WARN_ENUM_CONVERSION = YES;
				CLANG_WARN_INFINITE_RECURSION = YES;
				CLANG_WARN_INT_CONVERSION = YES;
				CLANG_WARN_NON_LITERAL_NULL_CONVERSION = YES;
				CLANG_WARN_OBJC_IMPLICIT_RETAIN_SELF = YES;
				CLANG_WARN_OBJC_LITERAL_CONVERSION = YES;
				CLANG_WARN_OBJC_ROOT_CLASS = YES_ERROR;
				CLANG_WARN_RANGE_LOOP_ANALYSIS = YES;
				CLANG_WARN_STRICT_PROTOTYPES = YES;
				CLANG_WARN_SUSPICIOUS_MOVE = YES;
				CLANG_WARN_UNGUARDED_AVAILABILITY = YES_AGGRESSIVE;
				CLANG_WARN_UNREACHABLE_CODE = YES;
				CLANG_WARN__DUPLICATE_METHOD_MATCH = YES;
				CODE_SIGN_IDENTITY = "iPhone Developer";
				COPY_PHASE_STRIP = NO;
				DEBUG_INFORMATION_FORMAT = dwarf;
				ENABLE_STRICT_OBJC_MSGSEND = YES;
				ENABLE_TESTABILITY = YES;
				GCC_C_LANGUAGE_STANDARD = gnu11;
				GCC_DYNAMIC_NO_PIC = NO;
				GCC_NO_COMMON_BLOCKS = YES;
				GCC_OPTIMIZATION_LEVEL = 0;
				GCC_PREPROCESSOR_DEFINITIONS = (
					"DEBUG=1",
					"$(inherited)",
				);
				GCC_WARN_64_TO_32_BIT_CONVERSION = YES;
				GCC_WARN_ABOUT_RETURN_TYPE = YES_ERROR;
				GCC_WARN_UNDECLARED_SELECTOR = YES;
				GCC_WARN_UNINITIALIZED_AUTOS = YES_AGGRESSIVE;
				GCC_WARN_UNUSED_FUNCTION = YES;
				GCC_WARN_UNUSED_VARIABLE = YES;
				IPHONEOS_DEPLOYMENT_TARGET = 12.1;
				MTL_ENABLE_DEBUG_INFO = INCLUDE_SOURCE;
				MTL_FAST_MATH = YES;
				ONLY_ACTIVE_ARCH = YES;
				SDKROOT = iphoneos;
				SWIFT_ACTIVE_COMPILATION_CONDITIONS = DEBUG;
				SWIFT_OPTIMIZATION_LEVEL = "-Onone";
			};
			name = Debug;
		};
		7EEBCE4321A4966100659C9B /* Release */ = {
			isa = XCBuildConfiguration;
			buildSettings = {
				ALWAYS_SEARCH_USER_PATHS = NO;
				CLANG_ANALYZER_NONNULL = YES;
				CLANG_ANALYZER_NUMBER_OBJECT_CONVERSION = YES_AGGRESSIVE;
				CLANG_CXX_LANGUAGE_STANDARD = "gnu++14";
				CLANG_CXX_LIBRARY = "libc++";
				CLANG_ENABLE_MODULES = YES;
				CLANG_ENABLE_OBJC_ARC = YES;
				CLANG_ENABLE_OBJC_WEAK = YES;
				CLANG_WARN_BLOCK_CAPTURE_AUTORELEASING = YES;
				CLANG_WARN_BOOL_CONVERSION = YES;
				CLANG_WARN_COMMA = YES;
				CLANG_WARN_CONSTANT_CONVERSION = YES;
				CLANG_WARN_DEPRECATED_OBJC_IMPLEMENTATIONS = YES;
				CLANG_WARN_DIRECT_OBJC_ISA_USAGE = YES_ERROR;
				CLANG_WARN_DOCUMENTATION_COMMENTS = YES;
				CLANG_WARN_EMPTY_BODY = YES;
				CLANG_WARN_ENUM_CONVERSION = YES;
				CLANG_WARN_INFINITE_RECURSION = YES;
				CLANG_WARN_INT_CONVERSION = YES;
				CLANG_WARN_NON_LITERAL_NULL_CONVERSION = YES;
				CLANG_WARN_OBJC_IMPLICIT_RETAIN_SELF = YES;
				CLANG_WARN_OBJC_LITERAL_CONVERSION = YES;
				CLANG_WARN_OBJC_ROOT_CLASS = YES_ERROR;
				CLANG_WARN_RANGE_LOOP_ANALYSIS = YES;
				CLANG_WARN_STRICT_PROTOTYPES = YES;
				CLANG_WARN_SUSPICIOUS_MOVE = YES;
				CLANG_WARN_UNGUARDED_AVAILABILITY = YES_AGGRESSIVE;
				CLANG_WARN_UNREACHABLE_CODE = YES;
				CLANG_WARN__DUPLICATE_METHOD_MATCH = YES;
				CODE_SIGN_IDENTITY = "iPhone Developer";
				COPY_PHASE_STRIP = NO;
				DEBUG_INFORMATION_FORMAT = "dwarf-with-dsym";
				ENABLE_NS_ASSERTIONS = NO;
				ENABLE_STRICT_OBJC_MSGSEND = YES;
				GCC_C_LANGUAGE_STANDARD = gnu11;
				GCC_NO_COMMON_BLOCKS = YES;
				GCC_WARN_64_TO_32_BIT_CONVERSION = YES;
				GCC_WARN_ABOUT_RETURN_TYPE = YES_ERROR;
				GCC_WARN_UNDECLARED_SELECTOR = YES;
				GCC_WARN_UNINITIALIZED_AUTOS = YES_AGGRESSIVE;
				GCC_WARN_UNUSED_FUNCTION = YES;
				GCC_WARN_UNUSED_VARIABLE = YES;
				IPHONEOS_DEPLOYMENT_TARGET = 12.1;
				MTL_ENABLE_DEBUG_INFO = NO;
				MTL_FAST_MATH = YES;
				SDKROOT = iphoneos;
				SWIFT_COMPILATION_MODE = wholemodule;
				SWIFT_OPTIMIZATION_LEVEL = "-O";
				VALIDATE_PRODUCT = YES;
			};
			name = Release;
		};
		7EEBCE4521A4966100659C9B /* Debug */ = {
			isa = XCBuildConfiguration;
			buildSettings = {
				ASSETCATALOG_COMPILER_APPICON_NAME = AppIcon;
				CODE_SIGN_STYLE = Automatic;
				DEVELOPMENT_TEAM = 9NY68F4K3P;
				INFOPLIST_FILE = FolledoAndKennedyStore/Info.plist;
				IPHONEOS_DEPLOYMENT_TARGET = 12.1;
				LD_RUNPATH_SEARCH_PATHS = (
					"$(inherited)",
					"@executable_path/Frameworks",
				);
				PRODUCT_BUNDLE_IDENTIFIER = com.FolledoSwag.FolledoAndKennedyStore;
				PRODUCT_NAME = "$(TARGET_NAME)";
				SWIFT_VERSION = 5.0;
				TARGETED_DEVICE_FAMILY = 1;
			};
			name = Debug;
		};
		7EEBCE4621A4966100659C9B /* Release */ = {
			isa = XCBuildConfiguration;
			buildSettings = {
				ASSETCATALOG_COMPILER_APPICON_NAME = AppIcon;
				CODE_SIGN_STYLE = Automatic;
				DEVELOPMENT_TEAM = 9NY68F4K3P;
				INFOPLIST_FILE = FolledoAndKennedyStore/Info.plist;
				IPHONEOS_DEPLOYMENT_TARGET = 12.1;
				LD_RUNPATH_SEARCH_PATHS = (
					"$(inherited)",
					"@executable_path/Frameworks",
				);
				PRODUCT_BUNDLE_IDENTIFIER = com.FolledoSwag.FolledoAndKennedyStore;
				PRODUCT_NAME = "$(TARGET_NAME)";
				SWIFT_VERSION = 5.0;
				TARGETED_DEVICE_FAMILY = 1;
			};
			name = Release;
		};
/* End XCBuildConfiguration section */

/* Begin XCConfigurationList section */
		7EEBCE2D21A4965D00659C9B /* Build configuration list for PBXProject "FolledoAndKennedyStore" */ = {
			isa = XCConfigurationList;
			buildConfigurations = (
				7EEBCE4221A4966100659C9B /* Debug */,
				7EEBCE4321A4966100659C9B /* Release */,
			);
			defaultConfigurationIsVisible = 0;
			defaultConfigurationName = Release;
		};
		7EEBCE4421A4966100659C9B /* Build configuration list for PBXNativeTarget "FolledoAndKennedyStore" */ = {
			isa = XCConfigurationList;
			buildConfigurations = (
				7EEBCE4521A4966100659C9B /* Debug */,
				7EEBCE4621A4966100659C9B /* Release */,
			);
			defaultConfigurationIsVisible = 0;
			defaultConfigurationName = Release;
		};
/* End XCConfigurationList section */

/* Begin XCVersionGroup section */
		7EEBCE4821A496CF00659C9B /* StoreDataModel.xcdatamodeld */ = {
			isa = XCVersionGroup;
			children = (
				7EEBCE4921A496CF00659C9B /* StoreModelData.xcdatamodel */,
			);
			currentVersion = 7EEBCE4921A496CF00659C9B /* StoreModelData.xcdatamodel */;
			path = StoreDataModel.xcdatamodeld;
			sourceTree = "<group>";
			versionGroupType = wrapper.xcdatamodel;
		};
/* End XCVersionGroup section */
	};
	rootObject = 7EEBCE2A21A4965D00659C9B /* Project object */;
}
